
Microsoft Visual Studio Solution File, Format Version 12.00
# Visual Studio Version 17
VisualStudioVersion = 17.4.33122.133
MinimumVisualStudioVersion = 10.0.40219.1
Project("{9A19103F-16F7-4668-BE54-9A1E7A4F7556}") = "Project_SignalR_Api", "Project_SignalR_Api\Project_SignalR_Api.csproj", "{1D1AD9BA-5252-40B2-83F2-066EEFC7DF62}"
EndProject
Project("{FAE04EC0-301F-11D3-BF4B-00C04F79EFBC}") = "WebApplication1", "WebApplication1\WebApplication1.csproj", "{869849A0-D052-43CB-9963-10E3FE6D86B8}"
EndProject
Global
	GlobalSection(SolutionConfigurationPlatforms) = preSolution
		Debug|Any CPU = Debug|Any CPU
		Release|Any CPU = Release|Any CPU
	EndGlobalSection
	GlobalSection(ProjectConfigurationPlatforms) = postSolution
		{1D1AD9BA-5252-40B2-83F2-066EEFC7DF62}.Debug|Any CPU.ActiveCfg = Debug|Any CPU
		{1D1AD9BA-5252-40B2-83F2-066EEFC7DF62}.Debug|Any CPU.Build.0 = Debug|Any CPU
		{1D1AD9BA-5252-40B2-83F2-066EEFC7DF62}.Release|Any CPU.ActiveCfg = Release|Any CPU
		{1D1AD9BA-5252-40B2-83F2-066EEFC7DF62}.Release|Any CPU.Build.0 = Release|Any CPU
		{869849A0-D052-43CB-9963-10E3FE6D86B8}.Debug|Any CPU.ActiveCfg = Debug|Any CPU
		{869849A0-D052-43CB-9963-10E3FE6D86B8}.Debug|Any CPU.Build.0 = Debug|Any CPU
		{869849A0-D052-43CB-9963-10E3FE6D86B8}.Release|Any CPU.ActiveCfg = Release|Any CPU
		{869849A0-D052-43CB-9963-10E3FE6D86B8}.Release|Any CPU.Build.0 = Release|Any CPU
	EndGlobalSection
	GlobalSection(SolutionProperties) = preSolution
		HideSolutionNode = FALSE
	EndGlobalSection
	GlobalSection(ExtensibilityGlobals) = postSolution
		SolutionGuid = {F14593DA-3152-4398-B64F-3A59DAB5C318}
	EndGlobalSection
EndGlobal
